
Microsoft Visual Studio Solution File, Format Version 12.00
# Visual Studio Version 17
VisualStudioVersion = 17.14.36301.6 d17.14
MinimumVisualStudioVersion = 10.0.40219.1
Project("{FAE04EC0-301F-11D3-BF4B-00C04F79EFBC}") = "MobileShopAPI", "MobileShopAPI\MobileShopAPI.csproj", "{9F8CE433-F3C7-4AEB-8B8B-FB0F68B2A436}"
EndProject
Global
	GlobalSection(SolutionConfigurationPlatforms) = preSolution
		Debug|Any CPU = Debug|Any CPU
		Release|Any CPU = Release|Any CPU
	EndGlobalSection
	GlobalSection(ProjectConfigurationPlatforms) = postSolution
		{9F8CE433-F3C7-4AEB-8B8B-FB0F68B2A436}.Debug|Any CPU.ActiveCfg = Debug|Any CPU
		{9F8CE433-F3C7-4AEB-8B8B-FB0F68B2A436}.Debug|Any CPU.Build.0 = Debug|Any CPU
		{9F8CE433-F3C7-4AEB-8B8B-FB0F68B2A436}.Release|Any CPU.ActiveCfg = Release|Any CPU
		{9F8CE433-F3C7-4AEB-8B8B-FB0F68B2A436}.Release|Any CPU.Build.0 = Release|Any CPU
	EndGlobalSection
	GlobalSection(SolutionProperties) = preSolution
		HideSolutionNode = FALSE
	EndGlobalSection
	GlobalSection(ExtensibilityGlobals) = postSolution
		SolutionGuid = {DC987BD7-C8C5-4551-B613-9ED548B94725}
	EndGlobalSection
EndGlobal
